
Microsoft Visual Studio Solution File, Format Version 12.00
# Visual Studio 15
VisualStudioVersion = 15.0.28307.852
MinimumVisualStudioVersion = 10.0.40219.1
Project("{FAE04EC0-301F-11D3-BF4B-00C04F79EFBC}") = "TelecomColorCoder", "TelecomColorCoder\TelecomColorCoder.csproj", "{FCF5D2C9-C841-440A-8AFA-163DB0ADC640}"
EndProject
Project("{FAE04EC0-301F-11D3-BF4B-00C04F79EFBC}") = "NUnitTelecomColorCoder", "NUnitTelecomColorCoder\NUnitTelecomColorCoder.csproj", "{7D60781A-7DB0-4D5D-9DB6-929E7D8C62AF}"
EndProject
Global
	GlobalSection(SolutionConfigurationPlatforms) = preSolution
		Debug|Any CPU = Debug|Any CPU
		Release|Any CPU = Release|Any CPU
	EndGlobalSection
	GlobalSection(ProjectConfigurationPlatforms) = postSolution
		{FCF5D2C9-C841-440A-8AFA-163DB0ADC640}.Debug|Any CPU.ActiveCfg = Debug|Any CPU
		{FCF5D2C9-C841-440A-8AFA-163DB0ADC640}.Debug|Any CPU.Build.0 = Debug|Any CPU
		{FCF5D2C9-C841-440A-8AFA-163DB0ADC640}.Release|Any CPU.ActiveCfg = Release|Any CPU
		{FCF5D2C9-C841-440A-8AFA-163DB0ADC640}.Release|Any CPU.Build.0 = Release|Any CPU
		{7D60781A-7DB0-4D5D-9DB6-929E7D8C62AF}.Debug|Any CPU.ActiveCfg = Debug|Any CPU
		{7D60781A-7DB0-4D5D-9DB6-929E7D8C62AF}.Debug|Any CPU.Build.0 = Debug|Any CPU
		{7D60781A-7DB0-4D5D-9DB6-929E7D8C62AF}.Release|Any CPU.ActiveCfg = Release|Any CPU
		{7D60781A-7DB0-4D5D-9DB6-929E7D8C62AF}.Release|Any CPU.Build.0 = Release|Any CPU
	EndGlobalSection
	GlobalSection(SolutionProperties) = preSolution
		HideSolutionNode = FALSE
	EndGlobalSection
	GlobalSection(ExtensibilityGlobals) = postSolution
		SolutionGuid = {86320A45-8ABD-4C5A-8AE8-12EBDD529FFD}
	EndGlobalSection
EndGlobal
